
Microsoft Visual Studio Solution File, Format Version 12.00
# Visual Studio Version 17
VisualStudioVersion = 17.8.34330.188
MinimumVisualStudioVersion = 10.0.40219.1
Project("{FAE04EC0-301F-11D3-BF4B-00C04F79EFBC}") = "EfCodeFirst.DataAccess", "EfCodeFirst.DataAccess\EfCodeFirst.DataAccess.csproj", "{1AEC669F-AE80-4513-AE6C-07F76CCBE457}"
EndProject
Global
	GlobalSection(SolutionConfigurationPlatforms) = preSolution
		Debug|Any CPU = Debug|Any CPU
		Release|Any CPU = Release|Any CPU
	EndGlobalSection
	GlobalSection(ProjectConfigurationPlatforms) = postSolution
		{1AEC669F-AE80-4513-AE6C-07F76CCBE457}.Debug|Any CPU.ActiveCfg = Debug|Any CPU
		{1AEC669F-AE80-4513-AE6C-07F76CCBE457}.Debug|Any CPU.Build.0 = Debug|Any CPU
		{1AEC669F-AE80-4513-AE6C-07F76CCBE457}.Release|Any CPU.ActiveCfg = Release|Any CPU
		{1AEC669F-AE80-4513-AE6C-07F76CCBE457}.Release|Any CPU.Build.0 = Release|Any CPU
	EndGlobalSection
	GlobalSection(SolutionProperties) = preSolution
		HideSolutionNode = FALSE
	EndGlobalSection
	GlobalSection(ExtensibilityGlobals) = postSolution
		SolutionGuid = {E4EE302D-DF4C-495A-A069-43B154AE4A26}
	EndGlobalSection
EndGlobal
